
Microsoft Visual Studio Solution File, Format Version 12.00
# Visual Studio Version 17
VisualStudioVersion = 17.12.35707.178 d17.12
MinimumVisualStudioVersion = 10.0.40219.1
Project("{FAE04EC0-301F-11D3-BF4B-00C04F79EFBC}") = "Unturend Injector", "Unturend Injector\Unturend Injector.csproj", "{A678CA77-FDD9-45A0-A0CD-3E09E2A1F96F}"
EndProject
Global
	GlobalSection(SolutionConfigurationPlatforms) = preSolution
		Debug|Any CPU = Debug|Any CPU
		Release|Any CPU = Release|Any CPU
	EndGlobalSection
	GlobalSection(ProjectConfigurationPlatforms) = postSolution
		{A678CA77-FDD9-45A0-A0CD-3E09E2A1F96F}.Debug|Any CPU.ActiveCfg = Debug|Any CPU
		{A678CA77-FDD9-45A0-A0CD-3E09E2A1F96F}.Debug|Any CPU.Build.0 = Debug|Any CPU
		{A678CA77-FDD9-45A0-A0CD-3E09E2A1F96F}.Release|Any CPU.ActiveCfg = Release|Any CPU
		{A678CA77-FDD9-45A0-A0CD-3E09E2A1F96F}.Release|Any CPU.Build.0 = Release|Any CPU
	EndGlobalSection
	GlobalSection(SolutionProperties) = preSolution
		HideSolutionNode = FALSE
	EndGlobalSection
EndGlobal
